
Microsoft Visual Studio Solution File, Format Version 12.00
# Visual Studio 15
VisualStudioVersion = 15.0.28307.902
MinimumVisualStudioVersion = 10.0.40219.1
Project("{888888A0-9F3D-457C-B088-3A5042F75D52}") = "DjangoWebProject2", "DjangoWebProject2\DjangoWebProject2.pyproj", "{DDF10766-045C-49FA-94F2-8F29B0861122}"
EndProject
Global
	GlobalSection(SolutionConfigurationPlatforms) = preSolution
		Debug|Any CPU = Debug|Any CPU
		Release|Any CPU = Release|Any CPU
	EndGlobalSection
	GlobalSection(ProjectConfigurationPlatforms) = postSolution
		{DDF10766-045C-49FA-94F2-8F29B0861122}.Debug|Any CPU.ActiveCfg = Debug|Any CPU
		{DDF10766-045C-49FA-94F2-8F29B0861122}.Debug|Any CPU.Build.0 = Debug|Any CPU
		{DDF10766-045C-49FA-94F2-8F29B0861122}.Release|Any CPU.ActiveCfg = Release|Any CPU
		{DDF10766-045C-49FA-94F2-8F29B0861122}.Release|Any CPU.Build.0 = Release|Any CPU
	EndGlobalSection
	GlobalSection(SolutionProperties) = preSolution
		HideSolutionNode = FALSE
	EndGlobalSection
	GlobalSection(ExtensibilityGlobals) = postSolution
		SolutionGuid = {CEDD8117-8698-462A-903C-CDA4AF441639}
	EndGlobalSection
EndGlobal
